<?xml version="1.0" encoding="utf-8"?>
<Project ToolsVersion="4.0" xmlns="http://schemas.microsoft.com/developer/msbuild/2003">
  <ItemGroup>
    <Filter Include="Pliki źródłowe">
      <UniqueIdentifier>{4FC737F1-C7A5-4376-A066-2A32D752A2FF}</UniqueIdentifier>
      <Extensions>cpp;c;cc;cxx;c++;cppm;ixx;def;odl;idl;hpj;bat;asm;asmx</Extensions>
    </Filter>
    <Filter Include="Pliki nagłówkowe">
      <UniqueIdentifier>{93995380-89BD-4b04-88EB-625FBE52EBFB}</UniqueIdentifier>
      <Extensions>h;hh;hpp;hxx;h++;hm;inl;inc;ipp;xsd</Extensions>
    </Filter>
    <Filter Include="Pliki zasobów">
      <UniqueIdentifier>{67DA6AB6-F800-4c08-8B7A-83BB121AAD01}</UniqueIdentifier>
      <Extensions>rc;ico;cur;bmp;dlg;rc2;rct;bin;rgs;gif;jpg;jpeg;jpe;resx;tiff;tif;png;wav;mfcribbon-ms</Extensions>
    </Filter>
    <Filter Include="SFML">
      <UniqueIdentifier>{1aad5bb9-e35f-4666-8ceb-4812ef9a9de5}</UniqueIdentifier>
    </Filter>
  </ItemGroup>
  <ItemGroup>
    <ClCompile Include="SZASZKII.cpp">
      <Filter>Pliki źródłowe</Filter>
    </ClCompile>
    <ClCompile Include="BoardTile.cpp">
      <Filter>Pliki źródłowe</Filter>
    </ClCompile>
    <ClCompile Include="Piece.cpp">
      <Filter>Pliki źródłowe</Filter>
    </ClCompile>
    <ClCompile Include="Pawn.cpp">
      <Filter>Pliki źródłowe</Filter>
    </ClCompile>
    <ClCompile Include="Rook.cpp">
      <Filter>Pliki źródłowe</Filter>
    </ClCompile>
    <ClCompile Include="Knight.cpp">
      <Filter>Pliki źródłowe</Filter>
    </ClCompile>
    <ClCompile Include="Bishop.cpp">
      <Filter>Pliki źródłowe</Filter>
    </ClCompile>
    <ClCompile Include="King.cpp">
      <Filter>Pliki źródłowe</Filter>
    </ClCompile>
    <ClCompile Include="Queen.cpp">
      <Filter>Pliki źródłowe</Filter>
    </ClCompile>
  </ItemGroup>
  <ItemGroup>
    <ClInclude Include="BoardTile.h">
      <Filter>Pliki nagłówkowe</Filter>
    </ClInclude>
    <ClInclude Include="Piece.h">
      <Filter>Pliki nagłówkowe</Filter>
    </ClInclude>
    <ClInclude Include="Pawn.h">
      <Filter>Pliki nagłówkowe</Filter>
    </ClInclude>
    <ClInclude Include="Rook.h">
      <Filter>Pliki nagłówkowe</Filter>
    </ClInclude>
    <ClInclude Include="Knight.h">
      <Filter>Pliki nagłówkowe</Filter>
    </ClInclude>
    <ClInclude Include="Bishop.h">
      <Filter>Pliki nagłówkowe</Filter>
    </ClInclude>
    <ClInclude Include="King.h">
      <Filter>Pliki nagłówkowe</Filter>
    </ClInclude>
    <ClInclude Include="Queen.h">
      <Filter>Pliki nagłówkowe</Filter>
    </ClInclude>
  </ItemGroup>
  <ItemGroup>
    <CopyFileToFolders Include="openal32.dll">
      <Filter>SFML</Filter>
    </CopyFileToFolders>
    <CopyFileToFolders Include="sfml-audio-2.dll">
      <Filter>SFML</Filter>
    </CopyFileToFolders>
    <CopyFileToFolders Include="sfml-audio-d-2.dll">
      <Filter>SFML</Filter>
    </CopyFileToFolders>
    <CopyFileToFolders Include="sfml-graphics-2.dll">
      <Filter>SFML</Filter>
    </CopyFileToFolders>
    <CopyFileToFolders Include="sfml-graphics-d-2.dll">
      <Filter>SFML</Filter>
    </CopyFileToFolders>
    <CopyFileToFolders Include="sfml-network-2.dll">
      <Filter>SFML</Filter>
    </CopyFileToFolders>
    <CopyFileToFolders Include="sfml-network-d-2.dll">
      <Filter>SFML</Filter>
    </CopyFileToFolders>
    <CopyFileToFolders Include="sfml-system-2.dll">
      <Filter>SFML</Filter>
    </CopyFileToFolders>
    <CopyFileToFolders Include="sfml-system-d-2.dll">
      <Filter>SFML</Filter>
    </CopyFileToFolders>
    <CopyFileToFolders Include="sfml-window-2.dll">
      <Filter>SFML</Filter>
    </CopyFileToFolders>
    <CopyFileToFolders Include="sfml-window-d-2.dll">
      <Filter>SFML</Filter>
    </CopyFileToFolders>
  </ItemGroup>
</Project>